// !$*UTF8*$!
{
	archiveVersion = 1;
	classes = {
	};
	objectVersion = 55;
	objects = {

/* Begin PBXBuildFile section */
		1D68F381A755ADA4C1165D95 /* Pods_MustDo.framework in Frameworks */ = {isa = PBXBuildFile; fileRef = 8E2703C9BEFD95D27B490BED /* Pods_MustDo.framework */; };
		C101A1F027CCDF9700054274 /* MustDoTests.swift in Sources */ = {isa = PBXBuildFile; fileRef = C101A1EF27CCDF9700054274 /* MustDoTests.swift */; };
		C101A1F727CCE0E500054274 /* GoogleService-Info.plist in Resources */ = {isa = PBXBuildFile; fileRef = C101A1F627CCE0E500054274 /* GoogleService-Info.plist */; };
		C138A3D327C1EE8700E72130 /* MainTabView.swift in Sources */ = {isa = PBXBuildFile; fileRef = C138A3D227C1EE8700E72130 /* MainTabView.swift */; };
		C138A3D627C1F0C100E72130 /* MustDoView.swift in Sources */ = {isa = PBXBuildFile; fileRef = C138A3D527C1F0C100E72130 /* MustDoView.swift */; };
		C138A3D927C1F0D400E72130 /* SettingView.swift in Sources */ = {isa = PBXBuildFile; fileRef = C138A3D827C1F0D400E72130 /* SettingView.swift */; };
		C138A3DB27C1F73800E72130 /* MustDoViewModel.swift in Sources */ = {isa = PBXBuildFile; fileRef = C138A3DA27C1F73800E72130 /* MustDoViewModel.swift */; };
		C138A3DD27C1F7F000E72130 /* MustDoUsecase.swift in Sources */ = {isa = PBXBuildFile; fileRef = C138A3DC27C1F7F000E72130 /* MustDoUsecase.swift */; };
		C138A3DF27C1F9C900E72130 /* MustDoRepository.swift in Sources */ = {isa = PBXBuildFile; fileRef = C138A3DE27C1F9C900E72130 /* MustDoRepository.swift */; };
		C138A3E327C201AA00E72130 /* MustDo.swift in Sources */ = {isa = PBXBuildFile; fileRef = C138A3E227C201AA00E72130 /* MustDo.swift */; };
		C138A3E927C2137800E72130 /* MustDoCell.swift in Sources */ = {isa = PBXBuildFile; fileRef = C138A3E827C2137800E72130 /* MustDoCell.swift */; };
		C138A3EB27C2279B00E72130 /* CircleGaugeView.swift in Sources */ = {isa = PBXBuildFile; fileRef = C138A3EA27C2279B00E72130 /* CircleGaugeView.swift */; };
		C1B4675B2770BDA100F0B282 /* AppDelegate.swift in Sources */ = {isa = PBXBuildFile; fileRef = C1B4675A2770BDA100F0B282 /* AppDelegate.swift */; };
		C1B4675D2770BDA100F0B282 /* SceneDelegate.swift in Sources */ = {isa = PBXBuildFile; fileRef = C1B4675C2770BDA100F0B282 /* SceneDelegate.swift */; };
		C1B467642770BDA200F0B282 /* Assets.xcassets in Resources */ = {isa = PBXBuildFile; fileRef = C1B467632770BDA200F0B282 /* Assets.xcassets */; };
		C1B467672770BDA200F0B282 /* LaunchScreen.storyboard in Resources */ = {isa = PBXBuildFile; fileRef = C1B467652770BDA200F0B282 /* LaunchScreen.storyboard */; };
		C1B867A027AC0EA1008283BB /* CombineAsyncStream.swift in Sources */ = {isa = PBXBuildFile; fileRef = C1B8679F27AC0EA1008283BB /* CombineAsyncStream.swift */; };
		C1C31F1F27C522C00050FC66 /* CirecleTimerView.swift in Sources */ = {isa = PBXBuildFile; fileRef = C1C31F1E27C522C00050FC66 /* CirecleTimerView.swift */; };
/* End PBXBuildFile section */

/* Begin PBXContainerItemProxy section */
		C101A1F127CCDF9700054274 /* PBXContainerItemProxy */ = {
			isa = PBXContainerItemProxy;
			containerPortal = C1B4674F2770BDA100F0B282 /* Project object */;
			proxyType = 1;
			remoteGlobalIDString = C1B467562770BDA100F0B282;
			remoteInfo = MustDo;
		};
/* End PBXContainerItemProxy section */

/* Begin PBXFileReference section */
		8E2703C9BEFD95D27B490BED /* Pods_MustDo.framework */ = {isa = PBXFileReference; explicitFileType = wrapper.framework; includeInIndex = 0; path = Pods_MustDo.framework; sourceTree = BUILT_PRODUCTS_DIR; };
		A32B5B24C210AA841E6C8F7F /* Pods-MustDo.debug.xcconfig */ = {isa = PBXFileReference; includeInIndex = 1; lastKnownFileType = text.xcconfig; name = "Pods-MustDo.debug.xcconfig"; path = "Target Support Files/Pods-MustDo/Pods-MustDo.debug.xcconfig"; sourceTree = "<group>"; };
		C101A1ED27CCDF9700054274 /* MustDoTests.xctest */ = {isa = PBXFileReference; explicitFileType = wrapper.cfbundle; includeInIndex = 0; path = MustDoTests.xctest; sourceTree = BUILT_PRODUCTS_DIR; };
		C101A1EF27CCDF9700054274 /* MustDoTests.swift */ = {isa = PBXFileReference; lastKnownFileType = sourcecode.swift; path = MustDoTests.swift; sourceTree = "<group>"; };
		C101A1F627CCE0E500054274 /* GoogleService-Info.plist */ = {isa = PBXFileReference; fileEncoding = 4; lastKnownFileType = text.plist.xml; path = "GoogleService-Info.plist"; sourceTree = "<group>"; };
		C138A3D227C1EE8700E72130 /* MainTabView.swift */ = {isa = PBXFileReference; lastKnownFileType = sourcecode.swift; path = MainTabView.swift; sourceTree = "<group>"; };
		C138A3D527C1F0C100E72130 /* MustDoView.swift */ = {isa = PBXFileReference; lastKnownFileType = sourcecode.swift; path = MustDoView.swift; sourceTree = "<group>"; };
		C138A3D827C1F0D400E72130 /* SettingView.swift */ = {isa = PBXFileReference; lastKnownFileType = sourcecode.swift; path = SettingView.swift; sourceTree = "<group>"; };
		C138A3DA27C1F73800E72130 /* MustDoViewModel.swift */ = {isa = PBXFileReference; lastKnownFileType = sourcecode.swift; path = MustDoViewModel.swift; sourceTree = "<group>"; };
		C138A3DC27C1F7F000E72130 /* MustDoUsecase.swift */ = {isa = PBXFileReference; lastKnownFileType = sourcecode.swift; path = MustDoUsecase.swift; sourceTree = "<group>"; };
		C138A3DE27C1F9C900E72130 /* MustDoRepository.swift */ = {isa = PBXFileReference; lastKnownFileType = sourcecode.swift; path = MustDoRepository.swift; sourceTree = "<group>"; };
		C138A3E227C201AA00E72130 /* MustDo.swift */ = {isa = PBXFileReference; lastKnownFileType = sourcecode.swift; path = MustDo.swift; sourceTree = "<group>"; };
		C138A3E827C2137800E72130 /* MustDoCell.swift */ = {isa = PBXFileReference; lastKnownFileType = sourcecode.swift; path = MustDoCell.swift; sourceTree = "<group>"; };
		C138A3EA27C2279B00E72130 /* CircleGaugeView.swift */ = {isa = PBXFileReference; lastKnownFileType = sourcecode.swift; path = CircleGaugeView.swift; sourceTree = "<group>"; };
		C1B467572770BDA100F0B282 /* MustDo.app */ = {isa = PBXFileReference; explicitFileType = wrapper.application; includeInIndex = 0; path = MustDo.app; sourceTree = BUILT_PRODUCTS_DIR; };
		C1B4675A2770BDA100F0B282 /* AppDelegate.swift */ = {isa = PBXFileReference; lastKnownFileType = sourcecode.swift; path = AppDelegate.swift; sourceTree = "<group>"; };
		C1B4675C2770BDA100F0B282 /* SceneDelegate.swift */ = {isa = PBXFileReference; lastKnownFileType = sourcecode.swift; path = SceneDelegate.swift; sourceTree = "<group>"; };
		C1B467632770BDA200F0B282 /* Assets.xcassets */ = {isa = PBXFileReference; lastKnownFileType = folder.assetcatalog; path = Assets.xcassets; sourceTree = "<group>"; };
		C1B467662770BDA200F0B282 /* Base */ = {isa = PBXFileReference; lastKnownFileType = file.storyboard; name = Base; path = Base.lproj/LaunchScreen.storyboard; sourceTree = "<group>"; };
		C1B467682770BDA200F0B282 /* Info.plist */ = {isa = PBXFileReference; lastKnownFileType = text.plist.xml; path = Info.plist; sourceTree = "<group>"; };
		C1B8679F27AC0EA1008283BB /* CombineAsyncStream.swift */ = {isa = PBXFileReference; lastKnownFileType = sourcecode.swift; path = CombineAsyncStream.swift; sourceTree = "<group>"; };
		C1C31F1E27C522C00050FC66 /* CirecleTimerView.swift */ = {isa = PBXFileReference; lastKnownFileType = sourcecode.swift; path = CirecleTimerView.swift; sourceTree = "<group>"; };
		EF39DC45EB22F9D1BD9F72E4 /* Pods-MustDo.release.xcconfig */ = {isa = PBXFileReference; includeInIndex = 1; lastKnownFileType = text.xcconfig; name = "Pods-MustDo.release.xcconfig"; path = "Target Support Files/Pods-MustDo/Pods-MustDo.release.xcconfig"; sourceTree = "<group>"; };
/* End PBXFileReference section */

/* Begin PBXFrameworksBuildPhase section */
		C101A1EA27CCDF9700054274 /* Frameworks */ = {
			isa = PBXFrameworksBuildPhase;
			buildActionMask = 2147483647;
			files = (
			);
			runOnlyForDeploymentPostprocessing = 0;
		};
		C1B467542770BDA100F0B282 /* Frameworks */ = {
			isa = PBXFrameworksBuildPhase;
			buildActionMask = 2147483647;
			files = (
				1D68F381A755ADA4C1165D95 /* Pods_MustDo.framework in Frameworks */,
			);
			runOnlyForDeploymentPostprocessing = 0;
		};
/* End PBXFrameworksBuildPhase section */

/* Begin PBXGroup section */
		2F1938E36A1D7CDCD1674E3C /* Pods */ = {
			isa = PBXGroup;
			children = (
				A32B5B24C210AA841E6C8F7F /* Pods-MustDo.debug.xcconfig */,
				EF39DC45EB22F9D1BD9F72E4 /* Pods-MustDo.release.xcconfig */,
			);
			path = Pods;
			sourceTree = "<group>";
		};
		C101A1EE27CCDF9700054274 /* MustDoTests */ = {
			isa = PBXGroup;
			children = (
				C101A1EF27CCDF9700054274 /* MustDoTests.swift */,
			);
			path = MustDoTests;
			sourceTree = "<group>";
		};
		C138A3D127C1EE6A00E72130 /* MainTabView */ = {
			isa = PBXGroup;
			children = (
				C138A3D427C1F0B200E72130 /* MustDoView */,
				C138A3D727C1F0C700E72130 /* SettingView */,
				C138A3D227C1EE8700E72130 /* MainTabView.swift */,
			);
			path = MainTabView;
			sourceTree = "<group>";
		};
		C138A3D427C1F0B200E72130 /* MustDoView */ = {
			isa = PBXGroup;
			children = (
				C1C31F1D27C522A90050FC66 /* CircleTimerView */,
				C138A3E127C2019800E72130 /* View */,
				C138A3E027C2018A00E72130 /* Data */,
				C138A3DA27C1F73800E72130 /* MustDoViewModel.swift */,
				C138A3DC27C1F7F000E72130 /* MustDoUsecase.swift */,
				C138A3DE27C1F9C900E72130 /* MustDoRepository.swift */,
			);
			path = MustDoView;
			sourceTree = "<group>";
		};
		C138A3D727C1F0C700E72130 /* SettingView */ = {
			isa = PBXGroup;
			children = (
				C138A3D827C1F0D400E72130 /* SettingView.swift */,
			);
			path = SettingView;
			sourceTree = "<group>";
		};
		C138A3E027C2018A00E72130 /* Data */ = {
			isa = PBXGroup;
			children = (
				C138A3E227C201AA00E72130 /* MustDo.swift */,
			);
			path = Data;
			sourceTree = "<group>";
		};
		C138A3E127C2019800E72130 /* View */ = {
			isa = PBXGroup;
			children = (
				C138A3D527C1F0C100E72130 /* MustDoView.swift */,
				C138A3E827C2137800E72130 /* MustDoCell.swift */,
			);
			path = View;
			sourceTree = "<group>";
		};
		C1B3A1F227849CBD00E3F7E1 /* App */ = {
			isa = PBXGroup;
			children = (
				C1B4675A2770BDA100F0B282 /* AppDelegate.swift */,
				C1B4675C2770BDA100F0B282 /* SceneDelegate.swift */,
			);
			path = App;
			sourceTree = "<group>";
		};
		C1B4674E2770BDA100F0B282 = {
			isa = PBXGroup;
			children = (
				C1B467592770BDA100F0B282 /* MustDo */,
				C101A1EE27CCDF9700054274 /* MustDoTests */,
				C1B467582770BDA100F0B282 /* Products */,
				2F1938E36A1D7CDCD1674E3C /* Pods */,
				E84E0684EBF043D659ACE175 /* Frameworks */,
			);
			sourceTree = "<group>";
		};
		C1B467582770BDA100F0B282 /* Products */ = {
			isa = PBXGroup;
			children = (
				C1B467572770BDA100F0B282 /* MustDo.app */,
				C101A1ED27CCDF9700054274 /* MustDoTests.xctest */,
			);
			name = Products;
			sourceTree = "<group>";
		};
		C1B467592770BDA100F0B282 /* MustDo */ = {
			isa = PBXGroup;
			children = (
				C1B3A1F227849CBD00E3F7E1 /* App */,
				C138A3D127C1EE6A00E72130 /* MainTabView */,
				C1B8679E27AC0E77008283BB /* Utils */,
				C1B467632770BDA200F0B282 /* Assets.xcassets */,
				C1B467652770BDA200F0B282 /* LaunchScreen.storyboard */,
				C1B467682770BDA200F0B282 /* Info.plist */,
				C101A1F627CCE0E500054274 /* GoogleService-Info.plist */,
			);
			path = MustDo;
			sourceTree = "<group>";
		};
		C1B8679E27AC0E77008283BB /* Utils */ = {
			isa = PBXGroup;
			children = (
				C1B8679F27AC0EA1008283BB /* CombineAsyncStream.swift */,
				C138A3EA27C2279B00E72130 /* CircleGaugeView.swift */,
			);
			path = Utils;
			sourceTree = "<group>";
		};
		C1C31F1D27C522A90050FC66 /* CircleTimerView */ = {
			isa = PBXGroup;
			children = (
				C1C31F1E27C522C00050FC66 /* CirecleTimerView.swift */,
			);
			path = CircleTimerView;
			sourceTree = "<group>";
		};
		E84E0684EBF043D659ACE175 /* Frameworks */ = {
			isa = PBXGroup;
			children = (
				8E2703C9BEFD95D27B490BED /* Pods_MustDo.framework */,
			);
			name = Frameworks;
			sourceTree = "<group>";
		};
/* End PBXGroup section */

/* Begin PBXNativeTarget section */
		C101A1EC27CCDF9700054274 /* MustDoTests */ = {
			isa = PBXNativeTarget;
			buildConfigurationList = C101A1F527CCDF9700054274 /* Build configuration list for PBXNativeTarget "MustDoTests" */;
			buildPhases = (
				C101A1E927CCDF9700054274 /* Sources */,
				C101A1EA27CCDF9700054274 /* Frameworks */,
				C101A1EB27CCDF9700054274 /* Resources */,
			);
			buildRules = (
			);
			dependencies = (
				C101A1F227CCDF9700054274 /* PBXTargetDependency */,
			);
			name = MustDoTests;
			productName = MustDoTests;
			productReference = C101A1ED27CCDF9700054274 /* MustDoTests.xctest */;
			productType = "com.apple.product-type.bundle.unit-test";
		};
		C1B467562770BDA100F0B282 /* MustDo */ = {
			isa = PBXNativeTarget;
			buildConfigurationList = C1B4676B2770BDA200F0B282 /* Build configuration list for PBXNativeTarget "MustDo" */;
			buildPhases = (
				0BFA6C689EBCFDADB95894A5 /* [CP] Check Pods Manifest.lock */,
				C1B467532770BDA100F0B282 /* Sources */,
				C1B467542770BDA100F0B282 /* Frameworks */,
				C1B467552770BDA100F0B282 /* Resources */,
				B456E2AF04D1275E320AB4F8 /* [CP] Embed Pods Frameworks */,
			);
			buildRules = (
			);
			dependencies = (
			);
			name = MustDo;
			productName = MustDo;
			productReference = C1B467572770BDA100F0B282 /* MustDo.app */;
			productType = "com.apple.product-type.application";
		};
/* End PBXNativeTarget section */

/* Begin PBXProject section */
		C1B4674F2770BDA100F0B282 /* Project object */ = {
			isa = PBXProject;
			attributes = {
				BuildIndependentTargetsInParallel = 1;
				LastSwiftUpdateCheck = 1300;
				LastUpgradeCheck = 1300;
				TargetAttributes = {
					C101A1EC27CCDF9700054274 = {
						CreatedOnToolsVersion = 13.0;
						TestTargetID = C1B467562770BDA100F0B282;
					};
					C1B467562770BDA100F0B282 = {
						CreatedOnToolsVersion = 13.0;
					};
				};
			};
			buildConfigurationList = C1B467522770BDA100F0B282 /* Build configuration list for PBXProject "MustDo" */;
			compatibilityVersion = "Xcode 13.0";
			developmentRegion = en;
			hasScannedForEncodings = 0;
			knownRegions = (
				en,
				Base,
			);
			mainGroup = C1B4674E2770BDA100F0B282;
			productRefGroup = C1B467582770BDA100F0B282 /* Products */;
			projectDirPath = "";
			projectRoot = "";
			targets = (
				C1B467562770BDA100F0B282 /* MustDo */,
				C101A1EC27CCDF9700054274 /* MustDoTests */,
			);
		};
/* End PBXProject section */

/* Begin PBXResourcesBuildPhase section */
		C101A1EB27CCDF9700054274 /* Resources */ = {
			isa = PBXResourcesBuildPhase;
			buildActionMask = 2147483647;
			files = (
			);
			runOnlyForDeploymentPostprocessing = 0;
		};
		C1B467552770BDA100F0B282 /* Resources */ = {
			isa = PBXResourcesBuildPhase;
			buildActionMask = 2147483647;
			files = (
				C1B467672770BDA200F0B282 /* LaunchScreen.storyboard in Resources */,
				C101A1F727CCE0E500054274 /* GoogleService-Info.plist in Resources */,
				C1B467642770BDA200F0B282 /* Assets.xcassets in Resources */,
			);
			runOnlyForDeploymentPostprocessing = 0;
		};
/* End PBXResourcesBuildPhase section */

/* Begin PBXShellScriptBuildPhase section */
		0BFA6C689EBCFDADB95894A5 /* [CP] Check Pods Manifest.lock */ = {
			isa = PBXShellScriptBuildPhase;
			buildActionMask = 2147483647;
			files = (
			);
			inputFileListPaths = (
			);
			inputPaths = (
				"${PODS_PODFILE_DIR_PATH}/Podfile.lock",
				"${PODS_ROOT}/Manifest.lock",
			);
			name = "[CP] Check Pods Manifest.lock";
			outputFileListPaths = (
			);
			outputPaths = (
				"$(DERIVED_FILE_DIR)/Pods-MustDo-checkManifestLockResult.txt",
			);
			runOnlyForDeploymentPostprocessing = 0;
			shellPath = /bin/sh;
			shellScript = "diff \"${PODS_PODFILE_DIR_PATH}/Podfile.lock\" \"${PODS_ROOT}/Manifest.lock\" > /dev/null\nif [ $? != 0 ] ; then\n    # print error to STDERR\n    echo \"error: The sandbox is not in sync with the Podfile.lock. Run 'pod install' or update your CocoaPods installation.\" >&2\n    exit 1\nfi\n# This output is used by Xcode 'outputs' to avoid re-running this script phase.\necho \"SUCCESS\" > \"${SCRIPT_OUTPUT_FILE_0}\"\n";
			showEnvVarsInLog = 0;
		};
		B456E2AF04D1275E320AB4F8 /* [CP] Embed Pods Frameworks */ = {
			isa = PBXShellScriptBuildPhase;
			buildActionMask = 2147483647;
			files = (
			);
			inputFileListPaths = (
				"${PODS_ROOT}/Target Support Files/Pods-MustDo/Pods-MustDo-frameworks-${CONFIGURATION}-input-files.xcfilelist",
			);
			name = "[CP] Embed Pods Frameworks";
			outputFileListPaths = (
				"${PODS_ROOT}/Target Support Files/Pods-MustDo/Pods-MustDo-frameworks-${CONFIGURATION}-output-files.xcfilelist",
			);
			runOnlyForDeploymentPostprocessing = 0;
			shellPath = /bin/sh;
			shellScript = "\"${PODS_ROOT}/Target Support Files/Pods-MustDo/Pods-MustDo-frameworks.sh\"\n";
			showEnvVarsInLog = 0;
		};
/* End PBXShellScriptBuildPhase section */

/* Begin PBXSourcesBuildPhase section */
		C101A1E927CCDF9700054274 /* Sources */ = {
			isa = PBXSourcesBuildPhase;
			buildActionMask = 2147483647;
			files = (
				C101A1F027CCDF9700054274 /* MustDoTests.swift in Sources */,
			);
			runOnlyForDeploymentPostprocessing = 0;
		};
		C1B467532770BDA100F0B282 /* Sources */ = {
			isa = PBXSourcesBuildPhase;
			buildActionMask = 2147483647;
			files = (
				C1B4675B2770BDA100F0B282 /* AppDelegate.swift in Sources */,
				C138A3E327C201AA00E72130 /* MustDo.swift in Sources */,
				C138A3D627C1F0C100E72130 /* MustDoView.swift in Sources */,
				C1C31F1F27C522C00050FC66 /* CirecleTimerView.swift in Sources */,
				C1B867A027AC0EA1008283BB /* CombineAsyncStream.swift in Sources */,
				C138A3DD27C1F7F000E72130 /* MustDoUsecase.swift in Sources */,
				C138A3E927C2137800E72130 /* MustDoCell.swift in Sources */,
				C138A3D927C1F0D400E72130 /* SettingView.swift in Sources */,
				C138A3D327C1EE8700E72130 /* MainTabView.swift in Sources */,
				C138A3DF27C1F9C900E72130 /* MustDoRepository.swift in Sources */,
				C1B4675D2770BDA100F0B282 /* SceneDelegate.swift in Sources */,
				C138A3EB27C2279B00E72130 /* CircleGaugeView.swift in Sources */,
				C138A3DB27C1F73800E72130 /* MustDoViewModel.swift in Sources */,
			);
			runOnlyForDeploymentPostprocessing = 0;
		};
/* End PBXSourcesBuildPhase section */

/* Begin PBXTargetDependency section */
		C101A1F227CCDF9700054274 /* PBXTargetDependency */ = {
			isa = PBXTargetDependency;
			target = C1B467562770BDA100F0B282 /* MustDo */;
			targetProxy = C101A1F127CCDF9700054274 /* PBXContainerItemProxy */;
		};
/* End PBXTargetDependency section */

/* Begin PBXVariantGroup section */
		C1B467652770BDA200F0B282 /* LaunchScreen.storyboard */ = {
			isa = PBXVariantGroup;
			children = (
				C1B467662770BDA200F0B282 /* Base */,
			);
			name = LaunchScreen.storyboard;
			sourceTree = "<group>";
		};
/* End PBXVariantGroup section */

/* Begin XCBuildConfiguration section */
		C101A1F327CCDF9700054274 /* Debug */ = {
			isa = XCBuildConfiguration;
			buildSettings = {
				BUNDLE_LOADER = "$(TEST_HOST)";
				CODE_SIGN_STYLE = Automatic;
				CURRENT_PROJECT_VERSION = 1;
				GENERATE_INFOPLIST_FILE = YES;
				LD_RUNPATH_SEARCH_PATHS = (
					"$(inherited)",
					"@executable_path/Frameworks",
					"@loader_path/Frameworks",
				);
				MARKETING_VERSION = 1.0;
				PRODUCT_BUNDLE_IDENTIFIER = namkibeom.MustDoTests;
				PRODUCT_NAME = "$(TARGET_NAME)";
				SWIFT_EMIT_LOC_STRINGS = NO;
				SWIFT_VERSION = 5.0;
				TARGETED_DEVICE_FAMILY = "1,2";
				TEST_HOST = "$(BUILT_PRODUCTS_DIR)/MustDo.app/MustDo";
			};
			name = Debug;
		};
		C101A1F427CCDF9700054274 /* Release */ = {
			isa = XCBuildConfiguration;
			buildSettings = {
				BUNDLE_LOADER = "$(TEST_HOST)";
				CODE_SIGN_STYLE = Automatic;
				CURRENT_PROJECT_VERSION = 1;
				GENERATE_INFOPLIST_FILE = YES;
				LD_RUNPATH_SEARCH_PATHS = (
					"$(inherited)",
					"@executable_path/Frameworks",
					"@loader_path/Frameworks",
				);
				MARKETING_VERSION = 1.0;
				PRODUCT_BUNDLE_IDENTIFIER = namkibeom.MustDoTests;
				PRODUCT_NAME = "$(TARGET_NAME)";
				SWIFT_EMIT_LOC_STRINGS = NO;
				SWIFT_VERSION = 5.0;
				TARGETED_DEVICE_FAMILY = "1,2";
				TEST_HOST = "$(BUILT_PRODUCTS_DIR)/MustDo.app/MustDo";
			};
			name = Release;
		};
		C1B467692770BDA200F0B282 /* Debug */ = {
			isa = XCBuildConfiguration;
			buildSettings = {
				ALWAYS_SEARCH_USER_PATHS = NO;
				CLANG_ANALYZER_NONNULL = YES;
				CLANG_ANALYZER_NUMBER_OBJECT_CONVERSION = YES_AGGRESSIVE;
				CLANG_CXX_LANGUAGE_STANDARD = "gnu++17";
				CLANG_CXX_LIBRARY = "libc++";
				CLANG_ENABLE_MODULES = YES;
				CLANG_ENABLE_OBJC_ARC = YES;
				CLANG_ENABLE_OBJC_WEAK = YES;
				CLANG_WARN_BLOCK_CAPTURE_AUTORELEASING = YES;
				CLANG_WARN_BOOL_CONVERSION = YES;
				CLANG_WARN_COMMA = YES;
				CLANG_WARN_CONSTANT_CONVERSION = YES;
				CLANG_WARN_DEPRECATED_OBJC_IMPLEMENTATIONS = YES;
				CLANG_WARN_DIRECT_OBJC_ISA_USAGE = YES_ERROR;
				CLANG_WARN_DOCUMENTATION_COMMENTS = YES;
				CLANG_WARN_EMPTY_BODY = YES;
				CLANG_WARN_ENUM_CONVERSION = YES;
				CLANG_WARN_INFINITE_RECURSION = YES;
				CLANG_WARN_INT_CONVERSION = YES;
				CLANG_WARN_NON_LITERAL_NULL_CONVERSION = YES;
				CLANG_WARN_OBJC_IMPLICIT_RETAIN_SELF = YES;
				CLANG_WARN_OBJC_LITERAL_CONVERSION = YES;
				CLANG_WARN_OBJC_ROOT_CLASS = YES_ERROR;
				CLANG_WARN_QUOTED_INCLUDE_IN_FRAMEWORK_HEADER = YES;
				CLANG_WARN_RANGE_LOOP_ANALYSIS = YES;
				CLANG_WARN_STRICT_PROTOTYPES = YES;
				CLANG_WARN_SUSPICIOUS_MOVE = YES;
				CLANG_WARN_UNGUARDED_AVAILABILITY = YES_AGGRESSIVE;
				CLANG_WARN_UNREACHABLE_CODE = YES;
				CLANG_WARN__DUPLICATE_METHOD_MATCH = YES;
				COPY_PHASE_STRIP = NO;
				DEBUG_INFORMATION_FORMAT = dwarf;
				ENABLE_STRICT_OBJC_MSGSEND = YES;
				ENABLE_TESTABILITY = YES;
				GCC_C_LANGUAGE_STANDARD = gnu11;
				GCC_DYNAMIC_NO_PIC = NO;
				GCC_NO_COMMON_BLOCKS = YES;
				GCC_OPTIMIZATION_LEVEL = 0;
				GCC_PREPROCESSOR_DEFINITIONS = (
					"DEBUG=1",
					"$(inherited)",
				);
				GCC_WARN_64_TO_32_BIT_CONVERSION = YES;
				GCC_WARN_ABOUT_RETURN_TYPE = YES_ERROR;
				GCC_WARN_UNDECLARED_SELECTOR = YES;
				GCC_WARN_UNINITIALIZED_AUTOS = YES_AGGRESSIVE;
				GCC_WARN_UNUSED_FUNCTION = YES;
				GCC_WARN_UNUSED_VARIABLE = YES;
				IPHONEOS_DEPLOYMENT_TARGET = 15.0;
				MTL_ENABLE_DEBUG_INFO = INCLUDE_SOURCE;
				MTL_FAST_MATH = YES;
				ONLY_ACTIVE_ARCH = YES;
				SDKROOT = iphoneos;
				SWIFT_ACTIVE_COMPILATION_CONDITIONS = DEBUG;
				SWIFT_OPTIMIZATION_LEVEL = "-Onone";
			};
			name = Debug;
		};
		C1B4676A2770BDA200F0B282 /* Release */ = {
			isa = XCBuildConfiguration;
			buildSettings = {
				ALWAYS_SEARCH_USER_PATHS = NO;
				CLANG_ANALYZER_NONNULL = YES;
				CLANG_ANALYZER_NUMBER_OBJECT_CONVERSION = YES_AGGRESSIVE;
				CLANG_CXX_LANGUAGE_STANDARD = "gnu++17";
				CLANG_CXX_LIBRARY = "libc++";
				CLANG_ENABLE_MODULES = YES;
				CLANG_ENABLE_OBJC_ARC = YES;
				CLANG_ENABLE_OBJC_WEAK = YES;
				CLANG_WARN_BLOCK_CAPTURE_AUTORELEASING = YES;
				CLANG_WARN_BOOL_CONVERSION = YES;
				CLANG_WARN_COMMA = YES;
				CLANG_WARN_CONSTANT_CONVERSION = YES;
				CLANG_WARN_DEPRECATED_OBJC_IMPLEMENTATIONS = YES;
				CLANG_WARN_DIRECT_OBJC_ISA_USAGE = YES_ERROR;
				CLANG_WARN_DOCUMENTATION_COMMENTS = YES;
				CLANG_WARN_EMPTY_BODY = YES;
				CLANG_WARN_ENUM_CONVERSION = YES;
				CLANG_WARN_INFINITE_RECURSION = YES;
				CLANG_WARN_INT_CONVERSION = YES;
				CLANG_WARN_NON_LITERAL_NULL_CONVERSION = YES;
				CLANG_WARN_OBJC_IMPLICIT_RETAIN_SELF = YES;
				CLANG_WARN_OBJC_LITERAL_CONVERSION = YES;
				CLANG_WARN_OBJC_ROOT_CLASS = YES_ERROR;
				CLANG_WARN_QUOTED_INCLUDE_IN_FRAMEWORK_HEADER = YES;
				CLANG_WARN_RANGE_LOOP_ANALYSIS = YES;
				CLANG_WARN_STRICT_PROTOTYPES = YES;
				CLANG_WARN_SUSPICIOUS_MOVE = YES;
				CLANG_WARN_UNGUARDED_AVAILABILITY = YES_AGGRESSIVE;
				CLANG_WARN_UNREACHABLE_CODE = YES;
				CLANG_WARN__DUPLICATE_METHOD_MATCH = YES;
				COPY_PHASE_STRIP = NO;
				DEBUG_INFORMATION_FORMAT = "dwarf-with-dsym";
				ENABLE_NS_ASSERTIONS = NO;
				ENABLE_STRICT_OBJC_MSGSEND = YES;
				GCC_C_LANGUAGE_STANDARD = gnu11;
				GCC_NO_COMMON_BLOCKS = YES;
				GCC_WARN_64_TO_32_BIT_CONVERSION = YES;
				GCC_WARN_ABOUT_RETURN_TYPE = YES_ERROR;
				GCC_WARN_UNDECLARED_SELECTOR = YES;
				GCC_WARN_UNINITIALIZED_AUTOS = YES_AGGRESSIVE;
				GCC_WARN_UNUSED_FUNCTION = YES;
				GCC_WARN_UNUSED_VARIABLE = YES;
				IPHONEOS_DEPLOYMENT_TARGET = 15.0;
				MTL_ENABLE_DEBUG_INFO = NO;
				MTL_FAST_MATH = YES;
				SDKROOT = iphoneos;
				SWIFT_COMPILATION_MODE = wholemodule;
				SWIFT_OPTIMIZATION_LEVEL = "-O";
				VALIDATE_PRODUCT = YES;
			};
			name = Release;
		};
		C1B4676C2770BDA200F0B282 /* Debug */ = {
			isa = XCBuildConfiguration;
			baseConfigurationReference = A32B5B24C210AA841E6C8F7F /* Pods-MustDo.debug.xcconfig */;
			buildSettings = {
				ASSETCATALOG_COMPILER_APPICON_NAME = AppIcon;
				ASSETCATALOG_COMPILER_GLOBAL_ACCENT_COLOR_NAME = AccentColor;
				CODE_SIGN_STYLE = Automatic;
				CURRENT_PROJECT_VERSION = 1;
				GENERATE_INFOPLIST_FILE = YES;
				INFOPLIST_FILE = MustDo/Info.plist;
				INFOPLIST_KEY_UIApplicationSupportsIndirectInputEvents = YES;
				INFOPLIST_KEY_UILaunchStoryboardName = LaunchScreen;
				INFOPLIST_KEY_UISupportedInterfaceOrientations_iPad = "UIInterfaceOrientationPortrait UIInterfaceOrientationPortraitUpsideDown UIInterfaceOrientationLandscapeLeft UIInterfaceOrientationLandscapeRight";
				INFOPLIST_KEY_UISupportedInterfaceOrientations_iPhone = "UIInterfaceOrientationPortrait UIInterfaceOrientationLandscapeLeft UIInterfaceOrientationLandscapeRight";
				IPHONEOS_DEPLOYMENT_TARGET = 15.0;
				LD_RUNPATH_SEARCH_PATHS = (
					"$(inherited)",
					"@executable_path/Frameworks",
				);
				MARKETING_VERSION = 1.0;
				PRODUCT_BUNDLE_IDENTIFIER = namkibeom.MustDo;
				PRODUCT_NAME = "$(TARGET_NAME)";
				SWIFT_EMIT_LOC_STRINGS = YES;
				SWIFT_VERSION = 5.0;
				TARGETED_DEVICE_FAMILY = "1,2";
			};
			name = Debug;
		};
		C1B4676D2770BDA200F0B282 /* Release */ = {
			isa = XCBuildConfiguration;
			baseConfigurationReference = EF39DC45EB22F9D1BD9F72E4 /* Pods-MustDo.release.xcconfig */;
			buildSettings = {
				ASSETCATALOG_COMPILER_APPICON_NAME = AppIcon;
				ASSETCATALOG_COMPILER_GLOBAL_ACCENT_COLOR_NAME = AccentColor;
				CODE_SIGN_STYLE = Automatic;
				CURRENT_PROJECT_VERSION = 1;
				GENERATE_INFOPLIST_FILE = YES;
				INFOPLIST_FILE = MustDo/Info.plist;
				INFOPLIST_KEY_UIApplicationSupportsIndirectInputEvents = YES;
				INFOPLIST_KEY_UILaunchStoryboardName = LaunchScreen;
				INFOPLIST_KEY_UISupportedInterfaceOrientations_iPad = "UIInterfaceOrientationPortrait UIInterfaceOrientationPortraitUpsideDown UIInterfaceOrientationLandscapeLeft UIInterfaceOrientationLandscapeRight";
				INFOPLIST_KEY_UISupportedInterfaceOrientations_iPhone = "UIInterfaceOrientationPortrait UIInterfaceOrientationLandscapeLeft UIInterfaceOrientationLandscapeRight";
				IPHONEOS_DEPLOYMENT_TARGET = 15.0;
				LD_RUNPATH_SEARCH_PATHS = (
					"$(inherited)",
					"@executable_path/Frameworks",
				);
				MARKETING_VERSION = 1.0;
				PRODUCT_BUNDLE_IDENTIFIER = namkibeom.MustDo;
				PRODUCT_NAME = "$(TARGET_NAME)";
				SWIFT_EMIT_LOC_STRINGS = YES;
				SWIFT_VERSION = 5.0;
				TARGETED_DEVICE_FAMILY = "1,2";
			};
			name = Release;
		};
/* End XCBuildConfiguration section */

/* Begin XCConfigurationList section */
		C101A1F527CCDF9700054274 /* Build configuration list for PBXNativeTarget "MustDoTests" */ = {
			isa = XCConfigurationList;
			buildConfigurations = (
				C101A1F327CCDF9700054274 /* Debug */,
				C101A1F427CCDF9700054274 /* Release */,
			);
			defaultConfigurationIsVisible = 0;
			defaultConfigurationName = Release;
		};
		C1B467522770BDA100F0B282 /* Build configuration list for PBXProject "MustDo" */ = {
			isa = XCConfigurationList;
			buildConfigurations = (
				C1B467692770BDA200F0B282 /* Debug */,
				C1B4676A2770BDA200F0B282 /* Release */,
			);
			defaultConfigurationIsVisible = 0;
			defaultConfigurationName = Release;
		};
		C1B4676B2770BDA200F0B282 /* Build configuration list for PBXNativeTarget "MustDo" */ = {
			isa = XCConfigurationList;
			buildConfigurations = (
				C1B4676C2770BDA200F0B282 /* Debug */,
				C1B4676D2770BDA200F0B282 /* Release */,
			);
			defaultConfigurationIsVisible = 0;
			defaultConfigurationName = Release;
		};
/* End XCConfigurationList section */
	};
	rootObject = C1B4674F2770BDA100F0B282 /* Project object */;
}
