// !$*UTF8*$!
{
	archiveVersion = 1;
	classes = {
	};
	objectVersion = 55;
	objects = {

/* Begin PBXBuildFile section */
		C1B3A1F627849D6C00E3F7E1 /* AppState.swift in Sources */ = {isa = PBXBuildFile; fileRef = C1B3A1F527849D6C00E3F7E1 /* AppState.swift */; };
		C1B3A1F827849F7600E3F7E1 /* BaseInteractor.swift in Sources */ = {isa = PBXBuildFile; fileRef = C1B3A1F727849F7600E3F7E1 /* BaseInteractor.swift */; };
		C1B3A1FA27849F9500E3F7E1 /* BaseRepository.swift in Sources */ = {isa = PBXBuildFile; fileRef = C1B3A1F927849F9500E3F7E1 /* BaseRepository.swift */; };
		C1B4675B2770BDA100F0B282 /* AppDelegate.swift in Sources */ = {isa = PBXBuildFile; fileRef = C1B4675A2770BDA100F0B282 /* AppDelegate.swift */; };
		C1B4675D2770BDA100F0B282 /* SceneDelegate.swift in Sources */ = {isa = PBXBuildFile; fileRef = C1B4675C2770BDA100F0B282 /* SceneDelegate.swift */; };
		C1B467642770BDA200F0B282 /* Assets.xcassets in Resources */ = {isa = PBXBuildFile; fileRef = C1B467632770BDA200F0B282 /* Assets.xcassets */; };
		C1B467672770BDA200F0B282 /* LaunchScreen.storyboard in Resources */ = {isa = PBXBuildFile; fileRef = C1B467652770BDA200F0B282 /* LaunchScreen.storyboard */; };
		C1BFA3002772186500D74A7B /* BaseContentView.swift in Sources */ = {isa = PBXBuildFile; fileRef = C1BFA2FF2772186500D74A7B /* BaseContentView.swift */; };
		C1C0DFAA277B5BB20090AF26 /* MustDoDetailView.swift in Sources */ = {isa = PBXBuildFile; fileRef = C1C0DFA9277B5BB20090AF26 /* MustDoDetailView.swift */; };
/* End PBXBuildFile section */

/* Begin PBXFileReference section */
		C1B3A1F527849D6C00E3F7E1 /* AppState.swift */ = {isa = PBXFileReference; lastKnownFileType = sourcecode.swift; path = AppState.swift; sourceTree = "<group>"; };
		C1B3A1F727849F7600E3F7E1 /* BaseInteractor.swift */ = {isa = PBXFileReference; lastKnownFileType = sourcecode.swift; path = BaseInteractor.swift; sourceTree = "<group>"; };
		C1B3A1F927849F9500E3F7E1 /* BaseRepository.swift */ = {isa = PBXFileReference; lastKnownFileType = sourcecode.swift; path = BaseRepository.swift; sourceTree = "<group>"; };
		C1B467572770BDA100F0B282 /* MustDo.app */ = {isa = PBXFileReference; explicitFileType = wrapper.application; includeInIndex = 0; path = MustDo.app; sourceTree = BUILT_PRODUCTS_DIR; };
		C1B4675A2770BDA100F0B282 /* AppDelegate.swift */ = {isa = PBXFileReference; lastKnownFileType = sourcecode.swift; path = AppDelegate.swift; sourceTree = "<group>"; };
		C1B4675C2770BDA100F0B282 /* SceneDelegate.swift */ = {isa = PBXFileReference; lastKnownFileType = sourcecode.swift; path = SceneDelegate.swift; sourceTree = "<group>"; };
		C1B467632770BDA200F0B282 /* Assets.xcassets */ = {isa = PBXFileReference; lastKnownFileType = folder.assetcatalog; path = Assets.xcassets; sourceTree = "<group>"; };
		C1B467662770BDA200F0B282 /* Base */ = {isa = PBXFileReference; lastKnownFileType = file.storyboard; name = Base; path = Base.lproj/LaunchScreen.storyboard; sourceTree = "<group>"; };
		C1B467682770BDA200F0B282 /* Info.plist */ = {isa = PBXFileReference; lastKnownFileType = text.plist.xml; path = Info.plist; sourceTree = "<group>"; };
		C1BFA2FF2772186500D74A7B /* BaseContentView.swift */ = {isa = PBXFileReference; lastKnownFileType = sourcecode.swift; path = BaseContentView.swift; sourceTree = "<group>"; };
		C1C0DFA9277B5BB20090AF26 /* MustDoDetailView.swift */ = {isa = PBXFileReference; lastKnownFileType = sourcecode.swift; path = MustDoDetailView.swift; sourceTree = "<group>"; };
/* End PBXFileReference section */

/* Begin PBXFrameworksBuildPhase section */
		C1B467542770BDA100F0B282 /* Frameworks */ = {
			isa = PBXFrameworksBuildPhase;
			buildActionMask = 2147483647;
			files = (
			);
			runOnlyForDeploymentPostprocessing = 0;
		};
/* End PBXFrameworksBuildPhase section */

/* Begin PBXGroup section */
		C1B3A1F227849CBD00E3F7E1 /* App */ = {
			isa = PBXGroup;
			children = (
				C1B4675A2770BDA100F0B282 /* AppDelegate.swift */,
				C1B4675C2770BDA100F0B282 /* SceneDelegate.swift */,
			);
			path = App;
			sourceTree = "<group>";
		};
		C1B3A1F327849CE100E3F7E1 /* Base */ = {
			isa = PBXGroup;
			children = (
				C1B3A1F427849D4B00E3F7E1 /* Views */,
				C1B3A1F527849D6C00E3F7E1 /* AppState.swift */,
				C1B3A1F727849F7600E3F7E1 /* BaseInteractor.swift */,
				C1B3A1F927849F9500E3F7E1 /* BaseRepository.swift */,
			);
			path = Base;
			sourceTree = "<group>";
		};
		C1B3A1F427849D4B00E3F7E1 /* Views */ = {
			isa = PBXGroup;
			children = (
				C1BFA2FF2772186500D74A7B /* BaseContentView.swift */,
				C1C0DFA9277B5BB20090AF26 /* MustDoDetailView.swift */,
			);
			path = Views;
			sourceTree = "<group>";
		};
		C1B4674E2770BDA100F0B282 = {
			isa = PBXGroup;
			children = (
				C1B467592770BDA100F0B282 /* MustDo */,
				C1B467582770BDA100F0B282 /* Products */,
			);
			sourceTree = "<group>";
		};
		C1B467582770BDA100F0B282 /* Products */ = {
			isa = PBXGroup;
			children = (
				C1B467572770BDA100F0B282 /* MustDo.app */,
			);
			name = Products;
			sourceTree = "<group>";
		};
		C1B467592770BDA100F0B282 /* MustDo */ = {
			isa = PBXGroup;
			children = (
				C1B3A1F227849CBD00E3F7E1 /* App */,
				C1B3A1F327849CE100E3F7E1 /* Base */,
				C1B467632770BDA200F0B282 /* Assets.xcassets */,
				C1B467652770BDA200F0B282 /* LaunchScreen.storyboard */,
				C1B467682770BDA200F0B282 /* Info.plist */,
			);
			path = MustDo;
			sourceTree = "<group>";
		};
/* End PBXGroup section */

/* Begin PBXNativeTarget section */
		C1B467562770BDA100F0B282 /* MustDo */ = {
			isa = PBXNativeTarget;
			buildConfigurationList = C1B4676B2770BDA200F0B282 /* Build configuration list for PBXNativeTarget "MustDo" */;
			buildPhases = (
				C1B467532770BDA100F0B282 /* Sources */,
				C1B467542770BDA100F0B282 /* Frameworks */,
				C1B467552770BDA100F0B282 /* Resources */,
			);
			buildRules = (
			);
			dependencies = (
			);
			name = MustDo;
			productName = MustDo;
			productReference = C1B467572770BDA100F0B282 /* MustDo.app */;
			productType = "com.apple.product-type.application";
		};
/* End PBXNativeTarget section */

/* Begin PBXProject section */
		C1B4674F2770BDA100F0B282 /* Project object */ = {
			isa = PBXProject;
			attributes = {
				BuildIndependentTargetsInParallel = 1;
				LastSwiftUpdateCheck = 1300;
				LastUpgradeCheck = 1300;
				TargetAttributes = {
					C1B467562770BDA100F0B282 = {
						CreatedOnToolsVersion = 13.0;
					};
				};
			};
			buildConfigurationList = C1B467522770BDA100F0B282 /* Build configuration list for PBXProject "MustDo" */;
			compatibilityVersion = "Xcode 13.0";
			developmentRegion = en;
			hasScannedForEncodings = 0;
			knownRegions = (
				en,
				Base,
			);
			mainGroup = C1B4674E2770BDA100F0B282;
			productRefGroup = C1B467582770BDA100F0B282 /* Products */;
			projectDirPath = "";
			projectRoot = "";
			targets = (
				C1B467562770BDA100F0B282 /* MustDo */,
			);
		};
/* End PBXProject section */

/* Begin PBXResourcesBuildPhase section */
		C1B467552770BDA100F0B282 /* Resources */ = {
			isa = PBXResourcesBuildPhase;
			buildActionMask = 2147483647;
			files = (
				C1B467672770BDA200F0B282 /* LaunchScreen.storyboard in Resources */,
				C1B467642770BDA200F0B282 /* Assets.xcassets in Resources */,
			);
			runOnlyForDeploymentPostprocessing = 0;
		};
/* End PBXResourcesBuildPhase section */

/* Begin PBXSourcesBuildPhase section */
		C1B467532770BDA100F0B282 /* Sources */ = {
			isa = PBXSourcesBuildPhase;
			buildActionMask = 2147483647;
			files = (
				C1BFA3002772186500D74A7B /* BaseContentView.swift in Sources */,
				C1B4675B2770BDA100F0B282 /* AppDelegate.swift in Sources */,
				C1B3A1FA27849F9500E3F7E1 /* BaseRepository.swift in Sources */,
				C1B4675D2770BDA100F0B282 /* SceneDelegate.swift in Sources */,
				C1B3A1F627849D6C00E3F7E1 /* AppState.swift in Sources */,
				C1C0DFAA277B5BB20090AF26 /* MustDoDetailView.swift in Sources */,
				C1B3A1F827849F7600E3F7E1 /* BaseInteractor.swift in Sources */,
			);
			runOnlyForDeploymentPostprocessing = 0;
		};
/* End PBXSourcesBuildPhase section */

/* Begin PBXVariantGroup section */
		C1B467652770BDA200F0B282 /* LaunchScreen.storyboard */ = {
			isa = PBXVariantGroup;
			children = (
				C1B467662770BDA200F0B282 /* Base */,
			);
			name = LaunchScreen.storyboard;
			sourceTree = "<group>";
		};
/* End PBXVariantGroup section */

/* Begin XCBuildConfiguration section */
		C1B467692770BDA200F0B282 /* Debug */ = {
			isa = XCBuildConfiguration;
			buildSettings = {
				ALWAYS_SEARCH_USER_PATHS = NO;
				CLANG_ANALYZER_NONNULL = YES;
				CLANG_ANALYZER_NUMBER_OBJECT_CONVERSION = YES_AGGRESSIVE;
				CLANG_CXX_LANGUAGE_STANDARD = "gnu++17";
				CLANG_CXX_LIBRARY = "libc++";
				CLANG_ENABLE_MODULES = YES;
				CLANG_ENABLE_OBJC_ARC = YES;
				CLANG_ENABLE_OBJC_WEAK = YES;
				CLANG_WARN_BLOCK_CAPTURE_AUTORELEASING = YES;
				CLANG_WARN_BOOL_CONVERSION = YES;
				CLANG_WARN_COMMA = YES;
				CLANG_WARN_CONSTANT_CONVERSION = YES;
				CLANG_WARN_DEPRECATED_OBJC_IMPLEMENTATIONS = YES;
				CLANG_WARN_DIRECT_OBJC_ISA_USAGE = YES_ERROR;
				CLANG_WARN_DOCUMENTATION_COMMENTS = YES;
				CLANG_WARN_EMPTY_BODY = YES;
				CLANG_WARN_ENUM_CONVERSION = YES;
				CLANG_WARN_INFINITE_RECURSION = YES;
				CLANG_WARN_INT_CONVERSION = YES;
				CLANG_WARN_NON_LITERAL_NULL_CONVERSION = YES;
				CLANG_WARN_OBJC_IMPLICIT_RETAIN_SELF = YES;
				CLANG_WARN_OBJC_LITERAL_CONVERSION = YES;
				CLANG_WARN_OBJC_ROOT_CLASS = YES_ERROR;
				CLANG_WARN_QUOTED_INCLUDE_IN_FRAMEWORK_HEADER = YES;
				CLANG_WARN_RANGE_LOOP_ANALYSIS = YES;
				CLANG_WARN_STRICT_PROTOTYPES = YES;
				CLANG_WARN_SUSPICIOUS_MOVE = YES;
				CLANG_WARN_UNGUARDED_AVAILABILITY = YES_AGGRESSIVE;
				CLANG_WARN_UNREACHABLE_CODE = YES;
				CLANG_WARN__DUPLICATE_METHOD_MATCH = YES;
				COPY_PHASE_STRIP = NO;
				DEBUG_INFORMATION_FORMAT = dwarf;
				ENABLE_STRICT_OBJC_MSGSEND = YES;
				ENABLE_TESTABILITY = YES;
				GCC_C_LANGUAGE_STANDARD = gnu11;
				GCC_DYNAMIC_NO_PIC = NO;
				GCC_NO_COMMON_BLOCKS = YES;
				GCC_OPTIMIZATION_LEVEL = 0;
				GCC_PREPROCESSOR_DEFINITIONS = (
					"DEBUG=1",
					"$(inherited)",
				);
				GCC_WARN_64_TO_32_BIT_CONVERSION = YES;
				GCC_WARN_ABOUT_RETURN_TYPE = YES_ERROR;
				GCC_WARN_UNDECLARED_SELECTOR = YES;
				GCC_WARN_UNINITIALIZED_AUTOS = YES_AGGRESSIVE;
				GCC_WARN_UNUSED_FUNCTION = YES;
				GCC_WARN_UNUSED_VARIABLE = YES;
				IPHONEOS_DEPLOYMENT_TARGET = 13.0;
				MTL_ENABLE_DEBUG_INFO = INCLUDE_SOURCE;
				MTL_FAST_MATH = YES;
				ONLY_ACTIVE_ARCH = YES;
				SDKROOT = iphoneos;
				SWIFT_ACTIVE_COMPILATION_CONDITIONS = DEBUG;
				SWIFT_OPTIMIZATION_LEVEL = "-Onone";
			};
			name = Debug;
		};
		C1B4676A2770BDA200F0B282 /* Release */ = {
			isa = XCBuildConfiguration;
			buildSettings = {
				ALWAYS_SEARCH_USER_PATHS = NO;
				CLANG_ANALYZER_NONNULL = YES;
				CLANG_ANALYZER_NUMBER_OBJECT_CONVERSION = YES_AGGRESSIVE;
				CLANG_CXX_LANGUAGE_STANDARD = "gnu++17";
				CLANG_CXX_LIBRARY = "libc++";
				CLANG_ENABLE_MODULES = YES;
				CLANG_ENABLE_OBJC_ARC = YES;
				CLANG_ENABLE_OBJC_WEAK = YES;
				CLANG_WARN_BLOCK_CAPTURE_AUTORELEASING = YES;
				CLANG_WARN_BOOL_CONVERSION = YES;
				CLANG_WARN_COMMA = YES;
				CLANG_WARN_CONSTANT_CONVERSION = YES;
				CLANG_WARN_DEPRECATED_OBJC_IMPLEMENTATIONS = YES;
				CLANG_WARN_DIRECT_OBJC_ISA_USAGE = YES_ERROR;
				CLANG_WARN_DOCUMENTATION_COMMENTS = YES;
				CLANG_WARN_EMPTY_BODY = YES;
				CLANG_WARN_ENUM_CONVERSION = YES;
				CLANG_WARN_INFINITE_RECURSION = YES;
				CLANG_WARN_INT_CONVERSION = YES;
				CLANG_WARN_NON_LITERAL_NULL_CONVERSION = YES;
				CLANG_WARN_OBJC_IMPLICIT_RETAIN_SELF = YES;
				CLANG_WARN_OBJC_LITERAL_CONVERSION = YES;
				CLANG_WARN_OBJC_ROOT_CLASS = YES_ERROR;
				CLANG_WARN_QUOTED_INCLUDE_IN_FRAMEWORK_HEADER = YES;
				CLANG_WARN_RANGE_LOOP_ANALYSIS = YES;
				CLANG_WARN_STRICT_PROTOTYPES = YES;
				CLANG_WARN_SUSPICIOUS_MOVE = YES;
				CLANG_WARN_UNGUARDED_AVAILABILITY = YES_AGGRESSIVE;
				CLANG_WARN_UNREACHABLE_CODE = YES;
				CLANG_WARN__DUPLICATE_METHOD_MATCH = YES;
				COPY_PHASE_STRIP = NO;
				DEBUG_INFORMATION_FORMAT = "dwarf-with-dsym";
				ENABLE_NS_ASSERTIONS = NO;
				ENABLE_STRICT_OBJC_MSGSEND = YES;
				GCC_C_LANGUAGE_STANDARD = gnu11;
				GCC_NO_COMMON_BLOCKS = YES;
				GCC_WARN_64_TO_32_BIT_CONVERSION = YES;
				GCC_WARN_ABOUT_RETURN_TYPE = YES_ERROR;
				GCC_WARN_UNDECLARED_SELECTOR = YES;
				GCC_WARN_UNINITIALIZED_AUTOS = YES_AGGRESSIVE;
				GCC_WARN_UNUSED_FUNCTION = YES;
				GCC_WARN_UNUSED_VARIABLE = YES;
				IPHONEOS_DEPLOYMENT_TARGET = 13.0;
				MTL_ENABLE_DEBUG_INFO = NO;
				MTL_FAST_MATH = YES;
				SDKROOT = iphoneos;
				SWIFT_COMPILATION_MODE = wholemodule;
				SWIFT_OPTIMIZATION_LEVEL = "-O";
				VALIDATE_PRODUCT = YES;
			};
			name = Release;
		};
		C1B4676C2770BDA200F0B282 /* Debug */ = {
			isa = XCBuildConfiguration;
			buildSettings = {
				ASSETCATALOG_COMPILER_APPICON_NAME = AppIcon;
				ASSETCATALOG_COMPILER_GLOBAL_ACCENT_COLOR_NAME = AccentColor;
				CODE_SIGN_STYLE = Automatic;
				CURRENT_PROJECT_VERSION = 1;
				GENERATE_INFOPLIST_FILE = YES;
				INFOPLIST_FILE = MustDo/Info.plist;
				INFOPLIST_KEY_UIApplicationSupportsIndirectInputEvents = YES;
				INFOPLIST_KEY_UILaunchStoryboardName = LaunchScreen;
				INFOPLIST_KEY_UISupportedInterfaceOrientations_iPad = "UIInterfaceOrientationPortrait UIInterfaceOrientationPortraitUpsideDown UIInterfaceOrientationLandscapeLeft UIInterfaceOrientationLandscapeRight";
				INFOPLIST_KEY_UISupportedInterfaceOrientations_iPhone = "UIInterfaceOrientationPortrait UIInterfaceOrientationLandscapeLeft UIInterfaceOrientationLandscapeRight";
				IPHONEOS_DEPLOYMENT_TARGET = 13.0;
				LD_RUNPATH_SEARCH_PATHS = (
					"$(inherited)",
					"@executable_path/Frameworks",
				);
				MARKETING_VERSION = 1.0;
				PRODUCT_BUNDLE_IDENTIFIER = namkibeom.MustDo;
				PRODUCT_NAME = "$(TARGET_NAME)";
				SWIFT_EMIT_LOC_STRINGS = YES;
				SWIFT_VERSION = 5.0;
				TARGETED_DEVICE_FAMILY = "1,2";
			};
			name = Debug;
		};
		C1B4676D2770BDA200F0B282 /* Release */ = {
			isa = XCBuildConfiguration;
			buildSettings = {
				ASSETCATALOG_COMPILER_APPICON_NAME = AppIcon;
				ASSETCATALOG_COMPILER_GLOBAL_ACCENT_COLOR_NAME = AccentColor;
				CODE_SIGN_STYLE = Automatic;
				CURRENT_PROJECT_VERSION = 1;
				GENERATE_INFOPLIST_FILE = YES;
				INFOPLIST_FILE = MustDo/Info.plist;
				INFOPLIST_KEY_UIApplicationSupportsIndirectInputEvents = YES;
				INFOPLIST_KEY_UILaunchStoryboardName = LaunchScreen;
				INFOPLIST_KEY_UISupportedInterfaceOrientations_iPad = "UIInterfaceOrientationPortrait UIInterfaceOrientationPortraitUpsideDown UIInterfaceOrientationLandscapeLeft UIInterfaceOrientationLandscapeRight";
				INFOPLIST_KEY_UISupportedInterfaceOrientations_iPhone = "UIInterfaceOrientationPortrait UIInterfaceOrientationLandscapeLeft UIInterfaceOrientationLandscapeRight";
				IPHONEOS_DEPLOYMENT_TARGET = 13.0;
				LD_RUNPATH_SEARCH_PATHS = (
					"$(inherited)",
					"@executable_path/Frameworks",
				);
				MARKETING_VERSION = 1.0;
				PRODUCT_BUNDLE_IDENTIFIER = namkibeom.MustDo;
				PRODUCT_NAME = "$(TARGET_NAME)";
				SWIFT_EMIT_LOC_STRINGS = YES;
				SWIFT_VERSION = 5.0;
				TARGETED_DEVICE_FAMILY = "1,2";
			};
			name = Release;
		};
/* End XCBuildConfiguration section */

/* Begin XCConfigurationList section */
		C1B467522770BDA100F0B282 /* Build configuration list for PBXProject "MustDo" */ = {
			isa = XCConfigurationList;
			buildConfigurations = (
				C1B467692770BDA200F0B282 /* Debug */,
				C1B4676A2770BDA200F0B282 /* Release */,
			);
			defaultConfigurationIsVisible = 0;
			defaultConfigurationName = Release;
		};
		C1B4676B2770BDA200F0B282 /* Build configuration list for PBXNativeTarget "MustDo" */ = {
			isa = XCConfigurationList;
			buildConfigurations = (
				C1B4676C2770BDA200F0B282 /* Debug */,
				C1B4676D2770BDA200F0B282 /* Release */,
			);
			defaultConfigurationIsVisible = 0;
			defaultConfigurationName = Release;
		};
/* End XCConfigurationList section */
	};
	rootObject = C1B4674F2770BDA100F0B282 /* Project object */;
}
